
Microsoft Visual Studio Solution File, Format Version 12.00
# Visual Studio 2013
VisualStudioVersion = 12.0.31101.0
MinimumVisualStudioVersion = 10.0.40219.1
Project("{8BC9CEB8-8B4A-11D0-8D11-00A0C91BC942}") = "RemoteWriteMonitor", "RemoteWriteMonitor\RemoteWriteMonitor.vcxproj", "{987A0E0D-CF4E-4DC8-A5FE-1CCCC3D75082}"
EndProject
Project("{8BC9CEB8-8B4A-11D0-8D11-00A0C91BC942}") = "injector", "injector\injector.vcxproj", "{FEE34C62-A273-4557-BF93-360BDA2855E5}"
EndProject
Project("{2150E333-8FDC-42A3-9474-1A3956D46DE8}") = "Solution Items", "Solution Items", "{94B67B9C-4EA6-4F4D-A1B2-51035E1CF277}"
	ProjectSection(SolutionItems) = preProject
		..\README.md = ..\README.md
	EndProjectSection
EndProject
Project("{8BC9CEB8-8B4A-11D0-8D11-00A0C91BC942}") = "RemoteWriteMonitor Package", "RemoteWriteMonitor Package\RemoteWriteMonitor Package.vcxproj", "{51790305-6652-4A1D-869C-0B39AF78AB9C}"
	ProjectSection(ProjectDependencies) = postProject
		{987A0E0D-CF4E-4DC8-A5FE-1CCCC3D75082} = {987A0E0D-CF4E-4DC8-A5FE-1CCCC3D75082}
	EndProjectSection
EndProject
Global
	GlobalSection(SolutionConfigurationPlatforms) = preSolution
		Win7 Debug|Win32 = Win7 Debug|Win32
		Win7 Debug|x64 = Win7 Debug|x64
		Win7 Release|Win32 = Win7 Release|Win32
		Win7 Release|x64 = Win7 Release|x64
		Win8.1 Debug|Win32 = Win8.1 Debug|Win32
		Win8.1 Debug|x64 = Win8.1 Debug|x64
		Win8.1 Release|Win32 = Win8.1 Release|Win32
		Win8.1 Release|x64 = Win8.1 Release|x64
	EndGlobalSection
	GlobalSection(ProjectConfigurationPlatforms) = postSolution
		{987A0E0D-CF4E-4DC8-A5FE-1CCCC3D75082}.Win7 Debug|Win32.ActiveCfg = Win7 Debug|Win32
		{987A0E0D-CF4E-4DC8-A5FE-1CCCC3D75082}.Win7 Debug|Win32.Build.0 = Win7 Debug|Win32
		{987A0E0D-CF4E-4DC8-A5FE-1CCCC3D75082}.Win7 Debug|Win32.Deploy.0 = Win7 Debug|Win32
		{987A0E0D-CF4E-4DC8-A5FE-1CCCC3D75082}.Win7 Debug|x64.ActiveCfg = Win7 Debug|x64
		{987A0E0D-CF4E-4DC8-A5FE-1CCCC3D75082}.Win7 Debug|x64.Build.0 = Win7 Debug|x64
		{987A0E0D-CF4E-4DC8-A5FE-1CCCC3D75082}.Win7 Debug|x64.Deploy.0 = Win7 Debug|x64
		{987A0E0D-CF4E-4DC8-A5FE-1CCCC3D75082}.Win7 Release|Win32.ActiveCfg = Win7 Release|Win32
		{987A0E0D-CF4E-4DC8-A5FE-1CCCC3D75082}.Win7 Release|Win32.Build.0 = Win7 Release|Win32
		{987A0E0D-CF4E-4DC8-A5FE-1CCCC3D75082}.Win7 Release|Win32.Deploy.0 = Win7 Release|Win32
		{987A0E0D-CF4E-4DC8-A5FE-1CCCC3D75082}.Win7 Release|x64.ActiveCfg = Win7 Release|x64
		{987A0E0D-CF4E-4DC8-A5FE-1CCCC3D75082}.Win7 Release|x64.Build.0 = Win7 Release|x64
		{987A0E0D-CF4E-4DC8-A5FE-1CCCC3D75082}.Win7 Release|x64.Deploy.0 = Win7 Release|x64
		{987A0E0D-CF4E-4DC8-A5FE-1CCCC3D75082}.Win8.1 Debug|Win32.ActiveCfg = Win8.1 Debug|Win32
		{987A0E0D-CF4E-4DC8-A5FE-1CCCC3D75082}.Win8.1 Debug|Win32.Build.0 = Win8.1 Debug|Win32
		{987A0E0D-CF4E-4DC8-A5FE-1CCCC3D75082}.Win8.1 Debug|Win32.Deploy.0 = Win8.1 Debug|Win32
		{987A0E0D-CF4E-4DC8-A5FE-1CCCC3D75082}.Win8.1 Debug|x64.ActiveCfg = Win8.1 Debug|x64
		{987A0E0D-CF4E-4DC8-A5FE-1CCCC3D75082}.Win8.1 Debug|x64.Build.0 = Win8.1 Debug|x64
		{987A0E0D-CF4E-4DC8-A5FE-1CCCC3D75082}.Win8.1 Debug|x64.Deploy.0 = Win8.1 Debug|x64
		{987A0E0D-CF4E-4DC8-A5FE-1CCCC3D75082}.Win8.1 Release|Win32.ActiveCfg = Win8.1 Release|Win32
		{987A0E0D-CF4E-4DC8-A5FE-1CCCC3D75082}.Win8.1 Release|Win32.Build.0 = Win8.1 Release|Win32
		{987A0E0D-CF4E-4DC8-A5FE-1CCCC3D75082}.Win8.1 Release|Win32.Deploy.0 = Win8.1 Release|Win32
		{987A0E0D-CF4E-4DC8-A5FE-1CCCC3D75082}.Win8.1 Release|x64.ActiveCfg = Win8.1 Release|x64
		{987A0E0D-CF4E-4DC8-A5FE-1CCCC3D75082}.Win8.1 Release|x64.Build.0 = Win8.1 Release|x64
		{987A0E0D-CF4E-4DC8-A5FE-1CCCC3D75082}.Win8.1 Release|x64.Deploy.0 = Win8.1 Release|x64
		{FEE34C62-A273-4557-BF93-360BDA2855E5}.Win7 Debug|Win32.ActiveCfg = Debug|Win32
		{FEE34C62-A273-4557-BF93-360BDA2855E5}.Win7 Debug|Win32.Build.0 = Debug|Win32
		{FEE34C62-A273-4557-BF93-360BDA2855E5}.Win7 Debug|Win32.Deploy.0 = Debug|Win32
		{FEE34C62-A273-4557-BF93-360BDA2855E5}.Win7 Debug|x64.ActiveCfg = Debug|x64
		{FEE34C62-A273-4557-BF93-360BDA2855E5}.Win7 Release|Win32.ActiveCfg = Release|Win32
		{FEE34C62-A273-4557-BF93-360BDA2855E5}.Win7 Release|Win32.Build.0 = Release|Win32
		{FEE34C62-A273-4557-BF93-360BDA2855E5}.Win7 Release|Win32.Deploy.0 = Release|Win32
		{FEE34C62-A273-4557-BF93-360BDA2855E5}.Win7 Release|x64.ActiveCfg = Release|x64
		{FEE34C62-A273-4557-BF93-360BDA2855E5}.Win8.1 Debug|Win32.ActiveCfg = Debug|Win32
		{FEE34C62-A273-4557-BF93-360BDA2855E5}.Win8.1 Debug|Win32.Build.0 = Debug|Win32
		{FEE34C62-A273-4557-BF93-360BDA2855E5}.Win8.1 Debug|Win32.Deploy.0 = Debug|Win32
		{FEE34C62-A273-4557-BF93-360BDA2855E5}.Win8.1 Debug|x64.ActiveCfg = Debug|x64
		{FEE34C62-A273-4557-BF93-360BDA2855E5}.Win8.1 Release|Win32.ActiveCfg = Release|Win32
		{FEE34C62-A273-4557-BF93-360BDA2855E5}.Win8.1 Release|Win32.Build.0 = Release|Win32
		{FEE34C62-A273-4557-BF93-360BDA2855E5}.Win8.1 Release|Win32.Deploy.0 = Release|Win32
		{FEE34C62-A273-4557-BF93-360BDA2855E5}.Win8.1 Release|x64.ActiveCfg = Release|x64
		{51790305-6652-4A1D-869C-0B39AF78AB9C}.Win7 Debug|Win32.ActiveCfg = Win7 Debug|Win32
		{51790305-6652-4A1D-869C-0B39AF78AB9C}.Win7 Debug|Win32.Build.0 = Win7 Debug|Win32
		{51790305-6652-4A1D-869C-0B39AF78AB9C}.Win7 Debug|Win32.Deploy.0 = Win7 Debug|Win32
		{51790305-6652-4A1D-869C-0B39AF78AB9C}.Win7 Debug|x64.ActiveCfg = Win7 Debug|x64
		{51790305-6652-4A1D-869C-0B39AF78AB9C}.Win7 Debug|x64.Build.0 = Win7 Debug|x64
		{51790305-6652-4A1D-869C-0B39AF78AB9C}.Win7 Debug|x64.Deploy.0 = Win7 Debug|x64
		{51790305-6652-4A1D-869C-0B39AF78AB9C}.Win7 Release|Win32.ActiveCfg = Win7 Release|Win32
		{51790305-6652-4A1D-869C-0B39AF78AB9C}.Win7 Release|Win32.Build.0 = Win7 Release|Win32
		{51790305-6652-4A1D-869C-0B39AF78AB9C}.Win7 Release|Win32.Deploy.0 = Win7 Release|Win32
		{51790305-6652-4A1D-869C-0B39AF78AB9C}.Win7 Release|x64.ActiveCfg = Win7 Release|x64
		{51790305-6652-4A1D-869C-0B39AF78AB9C}.Win7 Release|x64.Build.0 = Win7 Release|x64
		{51790305-6652-4A1D-869C-0B39AF78AB9C}.Win7 Release|x64.Deploy.0 = Win7 Release|x64
		{51790305-6652-4A1D-869C-0B39AF78AB9C}.Win8.1 Debug|Win32.ActiveCfg = Win8.1 Debug|Win32
		{51790305-6652-4A1D-869C-0B39AF78AB9C}.Win8.1 Debug|Win32.Build.0 = Win8.1 Debug|Win32
		{51790305-6652-4A1D-869C-0B39AF78AB9C}.Win8.1 Debug|Win32.Deploy.0 = Win8.1 Debug|Win32
		{51790305-6652-4A1D-869C-0B39AF78AB9C}.Win8.1 Debug|x64.ActiveCfg = Win8.1 Debug|x64
		{51790305-6652-4A1D-869C-0B39AF78AB9C}.Win8.1 Debug|x64.Build.0 = Win8.1 Debug|x64
		{51790305-6652-4A1D-869C-0B39AF78AB9C}.Win8.1 Debug|x64.Deploy.0 = Win8.1 Debug|x64
		{51790305-6652-4A1D-869C-0B39AF78AB9C}.Win8.1 Release|Win32.ActiveCfg = Win8.1 Debug|Win32
		{51790305-6652-4A1D-869C-0B39AF78AB9C}.Win8.1 Release|Win32.Build.0 = Win8.1 Debug|Win32
		{51790305-6652-4A1D-869C-0B39AF78AB9C}.Win8.1 Release|Win32.Deploy.0 = Win8.1 Debug|Win32
		{51790305-6652-4A1D-869C-0B39AF78AB9C}.Win8.1 Release|x64.ActiveCfg = Win8.1 Release|x64
		{51790305-6652-4A1D-869C-0B39AF78AB9C}.Win8.1 Release|x64.Build.0 = Win8.1 Release|x64
		{51790305-6652-4A1D-869C-0B39AF78AB9C}.Win8.1 Release|x64.Deploy.0 = Win8.1 Release|x64
	EndGlobalSection
	GlobalSection(SolutionProperties) = preSolution
		HideSolutionNode = FALSE
	EndGlobalSection
EndGlobal
